
Microsoft Visual Studio Solution File, Format Version 12.00
# Visual Studio Version 17
VisualStudioVersion = 17.0.31521.260
MinimumVisualStudioVersion = 10.0.40219.1
Project("{9A19103F-16F7-4668-BE54-9A1E7A4F7556}") = "functions", "functions.csproj", "{B08A3141-732F-44C1-8765-655459DE2A96}"
EndProject
Global
	GlobalSection(SolutionConfigurationPlatforms) = preSolution
		Debug|Any CPU = Debug|Any CPU
		Release|Any CPU = Release|Any CPU
	EndGlobalSection
	GlobalSection(ProjectConfigurationPlatforms) = postSolution
		{B08A3141-732F-44C1-8765-655459DE2A96}.Debug|Any CPU.ActiveCfg = Debug|Any CPU
		{B08A3141-732F-44C1-8765-655459DE2A96}.Debug|Any CPU.Build.0 = Debug|Any CPU
		{B08A3141-732F-44C1-8765-655459DE2A96}.Release|Any CPU.ActiveCfg = Release|Any CPU
		{B08A3141-732F-44C1-8765-655459DE2A96}.Release|Any CPU.Build.0 = Release|Any CPU
	EndGlobalSection
	GlobalSection(SolutionProperties) = preSolution
		HideSolutionNode = FALSE
	EndGlobalSection
	GlobalSection(ExtensibilityGlobals) = postSolution
		SolutionGuid = {601CB16E-3938-4923-A32B-1B4FCFDA72DF}
	EndGlobalSection
EndGlobal
